
Microsoft Visual Studio Solution File, Format Version 12.00
# Visual Studio Version 17
VisualStudioVersion = 17.11.35303.130
MinimumVisualStudioVersion = 10.0.40219.1
Project("{9A19103F-16F7-4668-BE54-9A1E7A4F7556}") = "Figures.Tests", "tests\Figures.Tests\Figures.Tests.csproj", "{4BAAD7BF-A870-4BCF-815F-0AEF2C53FE96}"
EndProject
Project("{9A19103F-16F7-4668-BE54-9A1E7A4F7556}") = "Figures", "src\Figures\Figures.csproj", "{C6B0A59D-D686-4050-947A-E0F2BBBC621A}"
EndProject
Global
	GlobalSection(SolutionConfigurationPlatforms) = preSolution
		Debug|Any CPU = Debug|Any CPU
		Release|Any CPU = Release|Any CPU
	EndGlobalSection
	GlobalSection(ProjectConfigurationPlatforms) = postSolution
		{4BAAD7BF-A870-4BCF-815F-0AEF2C53FE96}.Debug|Any CPU.ActiveCfg = Debug|Any CPU
		{4BAAD7BF-A870-4BCF-815F-0AEF2C53FE96}.Debug|Any CPU.Build.0 = Debug|Any CPU
		{4BAAD7BF-A870-4BCF-815F-0AEF2C53FE96}.Release|Any CPU.ActiveCfg = Release|Any CPU
		{4BAAD7BF-A870-4BCF-815F-0AEF2C53FE96}.Release|Any CPU.Build.0 = Release|Any CPU
		{C6B0A59D-D686-4050-947A-E0F2BBBC621A}.Debug|Any CPU.ActiveCfg = Debug|Any CPU
		{C6B0A59D-D686-4050-947A-E0F2BBBC621A}.Debug|Any CPU.Build.0 = Debug|Any CPU
		{C6B0A59D-D686-4050-947A-E0F2BBBC621A}.Release|Any CPU.ActiveCfg = Release|Any CPU
		{C6B0A59D-D686-4050-947A-E0F2BBBC621A}.Release|Any CPU.Build.0 = Release|Any CPU
	EndGlobalSection
	GlobalSection(SolutionProperties) = preSolution
		HideSolutionNode = FALSE
	EndGlobalSection
	GlobalSection(ExtensibilityGlobals) = postSolution
		SolutionGuid = {0967C641-0D06-41E7-9208-1D76CAF61480}
	EndGlobalSection
EndGlobal
